
Microsoft Visual Studio Solution File, Format Version 12.00
# Visual Studio 2012
Project("{FAE04EC0-301F-11D3-BF4B-00C04F79EFBC}") = "LinesCounter", "LinesCounter\LinesCounter.csproj", "{785DD5DF-6BA1-466B-886D-B856F7B15992}"
EndProject
Global
	GlobalSection(SolutionConfigurationPlatforms) = preSolution
		Debug|Any CPU = Debug|Any CPU
		Release|Any CPU = Release|Any CPU
	EndGlobalSection
	GlobalSection(ProjectConfigurationPlatforms) = postSolution
		{785DD5DF-6BA1-466B-886D-B856F7B15992}.Debug|Any CPU.ActiveCfg = Debug|Any CPU
		{785DD5DF-6BA1-466B-886D-B856F7B15992}.Debug|Any CPU.Build.0 = Debug|Any CPU
		{785DD5DF-6BA1-466B-886D-B856F7B15992}.Release|Any CPU.ActiveCfg = Release|Any CPU
		{785DD5DF-6BA1-466B-886D-B856F7B15992}.Release|Any CPU.Build.0 = Release|Any CPU
	EndGlobalSection
	GlobalSection(SolutionProperties) = preSolution
		HideSolutionNode = FALSE
	EndGlobalSection
EndGlobal
